# This file is automatically @generated by Poetry 1.5.1 and should not be changed by hand.

[[package]]
name = "djvulibre-python"
version = "0.9.0"
description = "Python support for the DjVu image format"
optional = false
python-versions = "*"
files = [
    {file = "djvulibre-python-0.9.0.tar.gz", hash = "sha256:c9112607f226f577b026a4203eb89ad96f25cf9c4ef441179c377df2b3ebcafc"},
]

[package.extras]
dev = ["flake8", "pep8-naming"]

[metadata]
lock-version = "2.0"
python-versions = "^3.11"
content-hash = "1a6b28b0ca3ef3ba683626e4f5ad916a83c874ecb26c2a2e7bdbf09afd39f61a"
